
Microsoft Visual Studio Solution File, Format Version 12.00
# Visual Studio 15
Project("{FAE04EC0-301F-11D3-BF4B-00C04F79EFBC}") = "Assembly-CSharp", "Assembly-CSharp.csproj", "{9FD054C6-C0D9-31C3-819A-2D3FE927D106}"
EndProject
Project("{FAE04EC0-301F-11D3-BF4B-00C04F79EFBC}") = "Assembly-CSharp-firstpass", "Assembly-CSharp-firstpass.csproj", "{6B76DF40-445E-40D9-E21B-3FFB16F478A7}"
EndProject
Global
	GlobalSection(SolutionConfigurationPlatforms) = preSolution
		Debug|Any CPU = Debug|Any CPU
		Release|Any CPU = Release|Any CPU
	EndGlobalSection
	GlobalSection(ProjectConfigurationPlatforms) = postSolution
		{9FD054C6-C0D9-31C3-819A-2D3FE927D106}.Debug|Any CPU.ActiveCfg = Debug|Any CPU
		{9FD054C6-C0D9-31C3-819A-2D3FE927D106}.Debug|Any CPU.Build.0 = Debug|Any CPU
		{9FD054C6-C0D9-31C3-819A-2D3FE927D106}.Release|Any CPU.ActiveCfg = Release|Any CPU
		{9FD054C6-C0D9-31C3-819A-2D3FE927D106}.Release|Any CPU.Build.0 = Release|Any CPU
		{6B76DF40-445E-40D9-E21B-3FFB16F478A7}.Debug|Any CPU.ActiveCfg = Debug|Any CPU
		{6B76DF40-445E-40D9-E21B-3FFB16F478A7}.Debug|Any CPU.Build.0 = Debug|Any CPU
		{6B76DF40-445E-40D9-E21B-3FFB16F478A7}.Release|Any CPU.ActiveCfg = Release|Any CPU
		{6B76DF40-445E-40D9-E21B-3FFB16F478A7}.Release|Any CPU.Build.0 = Release|Any CPU
	EndGlobalSection
	GlobalSection(SolutionProperties) = preSolution
		HideSolutionNode = FALSE
	EndGlobalSection
EndGlobal
